{
  "name": "poc_csv_pdf",
  "version": "0.0.0",
  "lockfileVersion": 3,
  "requires": true,
  "packages": {
    "": {
      "name": "poc_csv_pdf",
      "version": "0.0.0",
      "dependencies": {
        "@types/node": "^20.8.2",
        "axios": "^1.5.0",
        "i18n": "^0.15.1",
        "ts-node": "^10.9.1",
        "vue": "^3.3.4"
      },
      "devDependencies": {
        "@vitejs/plugin-vue": "^4.2.3",
        "https": "^1.0.0",
        "typescript": "^5.0.2",
        "vite": "^4.4.5",
        "vue-tsc": "^1.8.5"
      }
    },
    "node_modules/@babel/parser": {
      "version": "7.22.16",
      "resolved": "https://prd-cvtfs01/DEVOPS/_packaging/HQ-Commun/npm/registry/@babel/parser/-/parser-7.22.16.tgz",
      "integrity": "sha1-GArq1/JHMFzOZVG+onIJNOL6LJU=",
      "license": "MIT",
      "bin": {
        "parser": "bin/babel-parser.js"
      },
      "engines": {
        "node": ">=6.0.0"
      }
    },
    "node_modules/@cspotcode/source-map-support": {
      "version": "0.8.1",
      "resolved": "https://prd-cvtfs01/DEVOPS/_packaging/HQ-Commun/npm/registry/@cspotcode/source-map-support/-/source-map-support-0.8.1.tgz",
      "integrity": "sha1-AGKcNaaI4FqIsc2mhPudXnPwAKE=",
      "license": "MIT",
      "dependencies": {
        "@jridgewell/trace-mapping": "0.3.9"
      },
      "engines": {
        "node": ">=12"
      }
    },
    "node_modules/@esbuild/android-arm": {
      "version": "0.18.20",
      "resolved": "https://prd-cvtfs01/DEVOPS/_packaging/HQ-Commun/npm/registry/@esbuild/android-arm/-/android-arm-0.18.20.tgz",
      "integrity": "sha1-/tsmW8OlichMwR+BCATyNJR8NoI=",
      "cpu": [
        "arm"
      ],
      "dev": true,
      "license": "MIT",
      "optional": true,
      "os": [
        "android"
      ],
      "engines": {
        "node": ">=12"
      }
    },
    "node_modules/@esbuild/android-arm64": {
      "version": "0.18.20",
      "resolved": "https://prd-cvtfs01/DEVOPS/_packaging/HQ-Commun/npm/registry/@esbuild/android-arm64/-/android-arm64-0.18.20.tgz",
      "integrity": "sha1-mEtPnI0Dd0Q8wt/O8mbQIkRZNiI=",
      "cpu": [
        "arm64"
      ],
      "dev": true,
      "license": "MIT",
      "optional": true,
      "os": [
        "android"
      ],
      "engines": {
        "node": ">=12"
      }
    },
    "node_modules/@esbuild/android-x64": {
      "version": "0.18.20",
      "resolved": "https://prd-cvtfs01/DEVOPS/_packaging/HQ-Commun/npm/registry/@esbuild/android-x64/-/android-x64-0.18.20.tgz",
      "integrity": "sha1-Nc9BnEz8i6voiT0pbNmQ6en3VvI=",
      "cpu": [
        "x64"
      ],
      "dev": true,
      "license": "MIT",
      "optional": true,
      "os": [
        "android"
      ],
      "engines": {
        "node": ">=12"
      }
    },
    "node_modules/@esbuild/darwin-arm64": {
      "version": "0.18.20",
      "resolved": "https://prd-cvtfs01/DEVOPS/_packaging/HQ-Commun/npm/registry/@esbuild/darwin-arm64/-/darwin-arm64-0.18.20.tgz",
      "integrity": "sha1-CBcsvsz5X7w4M5mn85z73a6w18E=",
      "cpu": [
        "arm64"
      ],
      "dev": true,
      "license": "MIT",
      "optional": true,
      "os": [
        "darwin"
      ],
      "engines": {
        "node": ">=12"
      }
    },
    "node_modules/@esbuild/darwin-x64": {
      "version": "0.18.20",
      "resolved": "https://prd-cvtfs01/DEVOPS/_packaging/HQ-Commun/npm/registry/@esbuild/darwin-x64/-/darwin-x64-0.18.20.tgz",
      "integrity": "sha1-1w1XkNi/R1VWtn0Pi3xb3/BT2F0=",
      "cpu": [
        "x64"
      ],
      "dev": true,
      "license": "MIT",
      "optional": true,
      "os": [
        "darwin"
      ],
      "engines": {
        "node": ">=12"
      }
    },
    "node_modules/@esbuild/freebsd-arm64": {
      "version": "0.18.20",
      "resolved": "https://prd-cvtfs01/DEVOPS/_packaging/HQ-Commun/npm/registry/@esbuild/freebsd-arm64/-/freebsd-arm64-0.18.20.tgz",
      "integrity": "sha1-mHVc0ScH+T8hDiSU1qS1G5aXf1Q=",
      "cpu": [
        "arm64"
      ],
      "dev": true,
      "license": "MIT",
      "optional": true,
      "os": [
        "freebsd"
      ],
      "engines": {
        "node": ">=12"
      }
    },
    "node_modules/@esbuild/freebsd-x64": {
      "version": "0.18.20",
      "resolved": "https://prd-cvtfs01/DEVOPS/_packaging/HQ-Commun/npm/registry/@esbuild/freebsd-x64/-/freebsd-x64-0.18.20.tgz",
      "integrity": "sha1-wesr/wORX4fCnOzkwaf6H0I7Bm4=",
      "cpu": [
        "x64"
      ],
      "dev": true,
      "license": "MIT",
      "optional": true,
      "os": [
        "freebsd"
      ],
      "engines": {
        "node": ">=12"
      }
    },
    "node_modules/@esbuild/linux-arm": {
      "version": "0.18.20",
      "resolved": "https://prd-cvtfs01/DEVOPS/_packaging/HQ-Commun/npm/registry/@esbuild/linux-arm/-/linux-arm-0.18.20.tgz",
      "integrity": "sha1-PmF8YfM1CKJxUO5BdUPIq1rMc7A=",
      "cpu": [
        "arm"
      ],
      "dev": true,
      "license": "MIT",
      "optional": true,
      "os": [
        "linux"
      ],
      "engines": {
        "node": ">=12"
      }
    },
    "node_modules/@esbuild/linux-arm64": {
      "version": "0.18.20",
      "resolved": "https://prd-cvtfs01/DEVOPS/_packaging/HQ-Commun/npm/registry/@esbuild/linux-arm64/-/linux-arm64-0.18.20.tgz",
      "integrity": "sha1-utQji9j0/CW1oCEoDHcKtfw6AqA=",
      "cpu": [
        "arm64"
      ],
      "dev": true,
      "license": "MIT",
      "optional": true,
      "os": [
        "linux"
      ],
      "engines": {
        "node": ">=12"
      }
    },
    "node_modules/@esbuild/linux-ia32": {
      "version": "0.18.20",
      "resolved": "https://prd-cvtfs01/DEVOPS/_packaging/HQ-Commun/npm/registry/@esbuild/linux-ia32/-/linux-ia32-0.18.20.tgz",
      "integrity": "sha1-aZORzMupruYBm3+YkuuZIZ8VcKc=",
      "cpu": [
        "ia32"
      ],
      "dev": true,
      "license": "MIT",
      "optional": true,
      "os": [
        "linux"
      ],
      "engines": {
        "node": ">=12"
      }
    },
    "node_modules/@esbuild/linux-loong64": {
      "version": "0.18.20",
      "resolved": "https://prd-cvtfs01/DEVOPS/_packaging/HQ-Commun/npm/registry/@esbuild/linux-loong64/-/linux-loong64-0.18.20.tgz",
      "integrity": "sha1-5vzLeqwXjdL/uYYEZayJ1/I7l30=",
      "cpu": [
        "loong64"
      ],
      "dev": true,
      "license": "MIT",
      "optional": true,
      "os": [
        "linux"
      ],
      "engines": {
        "node": ">=12"
      }
    },
    "node_modules/@esbuild/linux-mips64el": {
      "version": "0.18.20",
      "resolved": "https://prd-cvtfs01/DEVOPS/_packaging/HQ-Commun/npm/registry/@esbuild/linux-mips64el/-/linux-mips64el-0.18.20.tgz",
      "integrity": "sha1-7v86k33pwjEN4wYiqVetG9kYMjE=",
      "cpu": [
        "mips64el"
      ],
      "dev": true,
      "license": "MIT",
      "optional": true,
      "os": [
        "linux"
      ],
      "engines": {
        "node": ">=12"
      }
    },
    "node_modules/@esbuild/linux-ppc64": {
      "version": "0.18.20",
      "resolved": "https://prd-cvtfs01/DEVOPS/_packaging/HQ-Commun/npm/registry/@esbuild/linux-ppc64/-/linux-ppc64-0.18.20.tgz",
      "integrity": "sha1-L3FWveILAVJ5k+aIFDWtebqVmfs=",
      "cpu": [
        "ppc64"
      ],
      "dev": true,
      "license": "MIT",
      "optional": true,
      "os": [
        "linux"
      ],
      "engines": {
        "node": ">=12"
      }
    },
    "node_modules/@esbuild/linux-riscv64": {
      "version": "0.18.20",
      "resolved": "https://prd-cvtfs01/DEVOPS/_packaging/HQ-Commun/npm/registry/@esbuild/linux-riscv64/-/linux-riscv64-0.18.20.tgz",
      "integrity": "sha1-Zig4nyEBI9i0dDBFr4yqfU3fx6Y=",
      "cpu": [
        "riscv64"
      ],
      "dev": true,
      "license": "MIT",
      "optional": true,
      "os": [
        "linux"
      ],
      "engines": {
        "node": ">=12"
      }
    },
    "node_modules/@esbuild/linux-s390x": {
      "version": "0.18.20",
      "resolved": "https://prd-cvtfs01/DEVOPS/_packaging/HQ-Commun/npm/registry/@esbuild/linux-s390x/-/linux-s390x-0.18.20.tgz",
      "integrity": "sha1-JV6B+yibEBAmExhYq5n7pj3PAHE=",
      "cpu": [
        "s390x"
      ],
      "dev": true,
      "license": "MIT",
      "optional": true,
      "os": [
        "linux"
      ],
      "engines": {
        "node": ">=12"
      }
    },
    "node_modules/@esbuild/linux-x64": {
      "version": "0.18.20",
      "resolved": "https://prd-cvtfs01/DEVOPS/_packaging/HQ-Commun/npm/registry/@esbuild/linux-x64/-/linux-x64-0.18.20.tgz",
      "integrity": "sha1-x2kLNBevMYqbb5bfMDGohlF20zg=",
      "cpu": [
        "x64"
      ],
      "dev": true,
      "license": "MIT",
      "optional": true,
      "os": [
        "linux"
      ],
      "engines": {
        "node": ">=12"
      }
    },
    "node_modules/@esbuild/netbsd-x64": {
      "version": "0.18.20",
      "resolved": "https://prd-cvtfs01/DEVOPS/_packaging/HQ-Commun/npm/registry/@esbuild/netbsd-x64/-/netbsd-x64-0.18.20.tgz",
      "integrity": "sha1-MOjNij3e1jl14t8kOMoQlgHr4NE=",
      "cpu": [
        "x64"
      ],
      "dev": true,
      "license": "MIT",
      "optional": true,
      "os": [
        "netbsd"
      ],
      "engines": {
        "node": ">=12"
      }
    },
    "node_modules/@esbuild/openbsd-x64": {
      "version": "0.18.20",
      "resolved": "https://prd-cvtfs01/DEVOPS/_packaging/HQ-Commun/npm/registry/@esbuild/openbsd-x64/-/openbsd-x64-0.18.20.tgz",
      "integrity": "sha1-eBKvMbIFBVh0yAguqc+asNpiF64=",
      "cpu": [
        "x64"
      ],
      "dev": true,
      "license": "MIT",
      "optional": true,
      "os": [
        "openbsd"
      ],
      "engines": {
        "node": ">=12"
      }
    },
    "node_modules/@esbuild/sunos-x64": {
      "version": "0.18.20",
      "resolved": "https://prd-cvtfs01/DEVOPS/_packaging/HQ-Commun/npm/registry/@esbuild/sunos-x64/-/sunos-x64-0.18.20.tgz",
      "integrity": "sha1-1cJ1w7TnPJsOzTjRymLAIPiHq50=",
      "cpu": [
        "x64"
      ],
      "dev": true,
      "license": "MIT",
      "optional": true,
      "os": [
        "sunos"
      ],
      "engines": {
        "node": ">=12"
      }
    },
    "node_modules/@esbuild/win32-arm64": {
      "version": "0.18.20",
      "resolved": "https://prd-cvtfs01/DEVOPS/_packaging/HQ-Commun/npm/registry/@esbuild/win32-arm64/-/win32-arm64-0.18.20.tgz",
      "integrity": "sha1-c7x/Wp+Kd4BfNX+rl/KQ0OSCCsk=",
      "cpu": [
        "arm64"
      ],
      "dev": true,
      "license": "MIT",
      "optional": true,
      "os": [
        "win32"
      ],
      "engines": {
        "node": ">=12"
      }
    },
    "node_modules/@esbuild/win32-ia32": {
      "version": "0.18.20",
      "resolved": "https://prd-cvtfs01/DEVOPS/_packaging/HQ-Commun/npm/registry/@esbuild/win32-ia32/-/win32-ia32-0.18.20.tgz",
      "integrity": "sha1-7JPL8O8QhcwS5x4NZh0gVp/0IQI=",
      "cpu": [
        "ia32"
      ],
      "dev": true,
      "license": "MIT",
      "optional": true,
      "os": [
        "win32"
      ],
      "engines": {
        "node": ">=12"
      }
    },
    "node_modules/@esbuild/win32-x64": {
      "version": "0.18.20",
      "resolved": "https://prd-cvtfs01/DEVOPS/_packaging/HQ-Commun/npm/registry/@esbuild/win32-x64/-/win32-x64-0.18.20.tgz",
      "integrity": "sha1-eGxfQfBDsHr7GvN2g9fDNmiFj20=",
      "cpu": [
        "x64"
      ],
      "dev": true,
      "license": "MIT",
      "optional": true,
      "os": [
        "win32"
      ],
      "engines": {
        "node": ">=12"
      }
    },
    "node_modules/@jridgewell/resolve-uri": {
      "version": "3.1.1",
      "resolved": "https://prd-cvtfs01/DEVOPS/_packaging/HQ-Commun/npm/registry/@jridgewell/resolve-uri/-/resolve-uri-3.1.1.tgz",
      "integrity": "sha1-wIZ5Bj8nlhWjMmWDujqQ0dgsxyE=",
      "license": "MIT",
      "engines": {
        "node": ">=6.0.0"
      }
    },
    "node_modules/@jridgewell/sourcemap-codec": {
      "version": "1.4.15",
      "resolved": "https://prd-cvtfs01/DEVOPS/_packaging/HQ-Commun/npm/registry/@jridgewell/sourcemap-codec/-/sourcemap-codec-1.4.15.tgz",
      "integrity": "sha1-18bmdVx4VnqVHgSrUu8P0m3lnzI=",
      "license": "MIT"
    },
    "node_modules/@jridgewell/trace-mapping": {
      "version": "0.3.9",
      "resolved": "https://prd-cvtfs01/DEVOPS/_packaging/HQ-Commun/npm/registry/@jridgewell/trace-mapping/-/trace-mapping-0.3.9.tgz",
      "integrity": "sha1-ZTT9WTOlO6fL86F2FeJzoNEnP/k=",
      "license": "MIT",
      "dependencies": {
        "@jridgewell/resolve-uri": "^3.0.3",
        "@jridgewell/sourcemap-codec": "^1.4.10"
      }
    },
    "node_modules/@messageformat/core": {
      "version": "3.2.0",
      "resolved": "https://prd-cvtfs01/DEVOPS/_packaging/HQ-Commun/npm/registry/@messageformat/core/-/core-3.2.0.tgz",
      "integrity": "sha1-/LHlMPSuTtYcnHoLScwRmnlGjaE=",
      "license": "MIT",
      "dependencies": {
        "@messageformat/date-skeleton": "^1.0.0",
        "@messageformat/number-skeleton": "^1.0.0",
        "@messageformat/parser": "^5.1.0",
        "@messageformat/runtime": "^3.0.1",
        "make-plural": "^7.0.0",
        "safe-identifier": "^0.4.1"
      }
    },
    "node_modules/@messageformat/date-skeleton": {
      "version": "1.0.1",
      "resolved": "https://prd-cvtfs01/DEVOPS/_packaging/HQ-Commun/npm/registry/@messageformat/date-skeleton/-/date-skeleton-1.0.1.tgz",
      "integrity": "sha1-mAuLq+IaEUM7bh6PbcjEyuT19Ws=",
      "license": "MIT"
    },
    "node_modules/@messageformat/number-skeleton": {
      "version": "1.2.0",
      "resolved": "https://prd-cvtfs01/DEVOPS/_packaging/HQ-Commun/npm/registry/@messageformat/number-skeleton/-/number-skeleton-1.2.0.tgz",
      "integrity": "sha1-58JFxBobJyK8WdrWj01FT3YbybQ=",
      "license": "MIT"
    },
    "node_modules/@messageformat/parser": {
      "version": "5.1.0",
      "resolved": "https://prd-cvtfs01/DEVOPS/_packaging/HQ-Commun/npm/registry/@messageformat/parser/-/parser-5.1.0.tgz",
      "integrity": "sha1-BeSFHHgtYzrXNXkd0KaO5l0qcgE=",
      "license": "MIT",
      "dependencies": {
        "moo": "^0.5.1"
      }
    },
    "node_modules/@messageformat/runtime": {
      "version": "3.0.1",
      "resolved": "https://prd-cvtfs01/DEVOPS/_packaging/HQ-Commun/npm/registry/@messageformat/runtime/-/runtime-3.0.1.tgz",
      "integrity": "sha1-lNH2xDJlwo73rtmOz8wJaMbISaw=",
      "license": "MIT",
      "dependencies": {
        "make-plural": "^7.0.0"
      }
    },
    "node_modules/@tsconfig/node10": {
      "version": "1.0.9",
      "resolved": "https://prd-cvtfs01/DEVOPS/_packaging/HQ-Commun/npm/registry/@tsconfig/node10/-/node10-1.0.9.tgz",
      "integrity": "sha1-30kH/AeohpImN7FeAtTOvEwAIbI=",
      "license": "MIT"
    },
    "node_modules/@tsconfig/node12": {
      "version": "1.0.11",
      "resolved": "https://prd-cvtfs01/DEVOPS/_packaging/HQ-Commun/npm/registry/@tsconfig/node12/-/node12-1.0.11.tgz",
      "integrity": "sha1-7j3vHyfZ7WbaxuRqKVz/sBUuBY0=",
      "license": "MIT"
    },
    "node_modules/@tsconfig/node14": {
      "version": "1.0.3",
      "resolved": "https://prd-cvtfs01/DEVOPS/_packaging/HQ-Commun/npm/registry/@tsconfig/node14/-/node14-1.0.3.tgz",
      "integrity": "sha1-5DhjFihPALmENb9A9y91oJ2r9sE=",
      "license": "MIT"
    },
    "node_modules/@tsconfig/node16": {
      "version": "1.0.4",
      "resolved": "https://prd-cvtfs01/DEVOPS/_packaging/HQ-Commun/npm/registry/@tsconfig/node16/-/node16-1.0.4.tgz",
      "integrity": "sha1-C5LcwMwcgfbzBqOB8o4xsaVlNuk=",
      "license": "MIT"
    },
    "node_modules/@types/node": {
      "version": "20.8.2",
      "resolved": "https://prd-cvtfs01/DEVOPS/_packaging/HQ-Commun/npm/registry/@types/node/-/node-20.8.2.tgz",
      "integrity": "sha1-12+4DYfQ2Kv+M0/G0pLoPlUk78Q=",
      "license": "MIT"
    },
    "node_modules/@vitejs/plugin-vue": {
      "version": "4.3.4",
      "resolved": "https://prd-cvtfs01/DEVOPS/_packaging/HQ-Commun/npm/registry/@vitejs/plugin-vue/-/plugin-vue-4.3.4.tgz",
      "integrity": "sha1-oonf844BlJ/nvlgdVULKuuuWHew=",
      "dev": true,
      "license": "MIT",
      "engines": {
        "node": "^14.18.0 || >=16.0.0"
      },
      "peerDependencies": {
        "vite": "^4.0.0",
        "vue": "^3.2.25"
      }
    },
    "node_modules/@volar/language-core": {
      "version": "1.10.1",
      "resolved": "https://prd-cvtfs01/DEVOPS/_packaging/HQ-Commun/npm/registry/@volar/language-core/-/language-core-1.10.1.tgz",
      "integrity": "sha1-dnicWwwhTu/4rdKcv/AzPYm2/Eo=",
      "dev": true,
      "license": "MIT",
      "dependencies": {
        "@volar/source-map": "1.10.1"
      }
    },
    "node_modules/@volar/source-map": {
      "version": "1.10.1",
      "resolved": "https://prd-cvtfs01/DEVOPS/_packaging/HQ-Commun/npm/registry/@volar/source-map/-/source-map-1.10.1.tgz",
      "integrity": "sha1-uAaEV4LMYV8r66lGJP80pwDzAvU=",
      "dev": true,
      "license": "MIT",
      "dependencies": {
        "muggle-string": "^0.3.1"
      }
    },
    "node_modules/@volar/typescript": {
      "version": "1.10.1",
      "resolved": "https://prd-cvtfs01/DEVOPS/_packaging/HQ-Commun/npm/registry/@volar/typescript/-/typescript-1.10.1.tgz",
      "integrity": "sha1-sgNBwcxXhbTeBmnqZF4WGcl6R2Q=",
      "dev": true,
      "license": "MIT",
      "dependencies": {
        "@volar/language-core": "1.10.1"
      }
    },
    "node_modules/@vue/compiler-core": {
      "version": "3.3.4",
      "resolved": "https://prd-cvtfs01/DEVOPS/_packaging/HQ-Commun/npm/registry/@vue/compiler-core/-/compiler-core-3.3.4.tgz",
      "integrity": "sha1-f79ZHBwZ4azSj/0oRSbpi09YESg=",
      "license": "MIT",
      "dependencies": {
        "@babel/parser": "^7.21.3",
        "@vue/shared": "3.3.4",
        "estree-walker": "^2.0.2",
        "source-map-js": "^1.0.2"
      }
    },
    "node_modules/@vue/compiler-dom": {
      "version": "3.3.4",
      "resolved": "https://prd-cvtfs01/DEVOPS/_packaging/HQ-Commun/npm/registry/@vue/compiler-dom/-/compiler-dom-3.3.4.tgz",
      "integrity": "sha1-9W4JtfTX3DUPmBeE3pcT2CM0EVE=",
      "license": "MIT",
      "dependencies": {
        "@vue/compiler-core": "3.3.4",
        "@vue/shared": "3.3.4"
      }
    },
    "node_modules/@vue/compiler-sfc": {
      "version": "3.3.4",
      "resolved": "https://prd-cvtfs01/DEVOPS/_packaging/HQ-Commun/npm/registry/@vue/compiler-sfc/-/compiler-sfc-3.3.4.tgz",
      "integrity": "sha1-sZ2ULHGTiJNTW0YibWAnIFkwAd8=",
      "license": "MIT",
      "dependencies": {
        "@babel/parser": "^7.20.15",
        "@vue/compiler-core": "3.3.4",
        "@vue/compiler-dom": "3.3.4",
        "@vue/compiler-ssr": "3.3.4",
        "@vue/reactivity-transform": "3.3.4",
        "@vue/shared": "3.3.4",
        "estree-walker": "^2.0.2",
        "magic-string": "^0.30.0",
        "postcss": "^8.1.10",
        "source-map-js": "^1.0.2"
      }
    },
    "node_modules/@vue/compiler-ssr": {
      "version": "3.3.4",
      "resolved": "https://prd-cvtfs01/DEVOPS/_packaging/HQ-Commun/npm/registry/@vue/compiler-ssr/-/compiler-ssr-3.3.4.tgz",
      "integrity": "sha1-nRN5q/+k8rDNhEF0zuxKlyETh3c=",
      "license": "MIT",
      "dependencies": {
        "@vue/compiler-dom": "3.3.4",
        "@vue/shared": "3.3.4"
      }
    },
    "node_modules/@vue/language-core": {
      "version": "1.8.11",
      "resolved": "https://prd-cvtfs01/DEVOPS/_packaging/HQ-Commun/npm/registry/@vue/language-core/-/language-core-1.8.11.tgz",
      "integrity": "sha1-0QzG+PMuMJkeBDDw2R25QW3C6aY=",
      "dev": true,
      "license": "MIT",
      "dependencies": {
        "@volar/language-core": "~1.10.0",
        "@volar/source-map": "~1.10.0",
        "@vue/compiler-dom": "^3.3.0",
        "@vue/reactivity": "^3.3.0",
        "@vue/shared": "^3.3.0",
        "minimatch": "^9.0.0",
        "muggle-string": "^0.3.1",
        "vue-template-compiler": "^2.7.14"
      },
      "peerDependencies": {
        "typescript": "*"
      },
      "peerDependenciesMeta": {
        "typescript": {
          "optional": true
        }
      }
    },
    "node_modules/@vue/reactivity": {
      "version": "3.3.4",
      "resolved": "https://prd-cvtfs01/DEVOPS/_packaging/HQ-Commun/npm/registry/@vue/reactivity/-/reactivity-3.3.4.tgz",
      "integrity": "sha1-onopxs0X+rpaDpn7uG7pUWU+IlM=",
      "license": "MIT",
      "dependencies": {
        "@vue/shared": "3.3.4"
      }
    },
    "node_modules/@vue/reactivity-transform": {
      "version": "3.3.4",
      "resolved": "https://prd-cvtfs01/DEVOPS/_packaging/HQ-Commun/npm/registry/@vue/reactivity-transform/-/reactivity-transform-3.3.4.tgz",
      "integrity": "sha1-UpCEduNNamXGwhzSci1B7YrlGSk=",
      "license": "MIT",
      "dependencies": {
        "@babel/parser": "^7.20.15",
        "@vue/compiler-core": "3.3.4",
        "@vue/shared": "3.3.4",
        "estree-walker": "^2.0.2",
        "magic-string": "^0.30.0"
      }
    },
    "node_modules/@vue/runtime-core": {
      "version": "3.3.4",
      "resolved": "https://prd-cvtfs01/DEVOPS/_packaging/HQ-Commun/npm/registry/@vue/runtime-core/-/runtime-core-3.3.4.tgz",
      "integrity": "sha1-S7M4cru1g3IbNA8wiIiDlBlZZ9E=",
      "license": "MIT",
      "dependencies": {
        "@vue/reactivity": "3.3.4",
        "@vue/shared": "3.3.4"
      }
    },
    "node_modules/@vue/runtime-dom": {
      "version": "3.3.4",
      "resolved": "https://prd-cvtfs01/DEVOPS/_packaging/HQ-Commun/npm/registry/@vue/runtime-dom/-/runtime-dom-3.3.4.tgz",
      "integrity": "sha1-mS8ledDtbOlh9Hu+m/5LZ5ElFWY=",
      "license": "MIT",
      "dependencies": {
        "@vue/runtime-core": "3.3.4",
        "@vue/shared": "3.3.4",
        "csstype": "^3.1.1"
      }
    },
    "node_modules/@vue/server-renderer": {
      "version": "3.3.4",
      "resolved": "https://prd-cvtfs01/DEVOPS/_packaging/HQ-Commun/npm/registry/@vue/server-renderer/-/server-renderer-3.3.4.tgz",
      "integrity": "sha1-6kZZS3ldFTbym8WS3Q9mVffqTEw=",
      "license": "MIT",
      "dependencies": {
        "@vue/compiler-ssr": "3.3.4",
        "@vue/shared": "3.3.4"
      },
      "peerDependencies": {
        "vue": "3.3.4"
      }
    },
    "node_modules/@vue/shared": {
      "version": "3.3.4",
      "resolved": "https://prd-cvtfs01/DEVOPS/_packaging/HQ-Commun/npm/registry/@vue/shared/-/shared-3.3.4.tgz",
      "integrity": "sha1-Bug8UCf0ZO74YcMpvoFFS8i3B4A=",
      "license": "MIT"
    },
    "node_modules/@vue/typescript": {
      "version": "1.8.11",
      "resolved": "https://prd-cvtfs01/DEVOPS/_packaging/HQ-Commun/npm/registry/@vue/typescript/-/typescript-1.8.11.tgz",
      "integrity": "sha1-st5nYKDm2CmlMozQEjsXY84+Zu8=",
      "dev": true,
      "license": "MIT",
      "dependencies": {
        "@volar/typescript": "~1.10.0",
        "@vue/language-core": "1.8.11"
      }
    },
    "node_modules/acorn": {
      "version": "8.10.0",
      "resolved": "https://prd-cvtfs01/DEVOPS/_packaging/HQ-Commun/npm/registry/acorn/-/acorn-8.10.0.tgz",
      "integrity": "sha1-i+WzkHpnIhqBqyPHiJxMVSa2LsU=",
      "license": "MIT",
      "bin": {
        "acorn": "bin/acorn"
      },
      "engines": {
        "node": ">=0.4.0"
      }
    },
    "node_modules/acorn-walk": {
      "version": "8.2.0",
      "resolved": "https://prd-cvtfs01/DEVOPS/_packaging/HQ-Commun/npm/registry/acorn-walk/-/acorn-walk-8.2.0.tgz",
      "integrity": "sha1-dBIQ8uJCZFRQiFOi9E0KuDt/acE=",
      "license": "MIT",
      "engines": {
        "node": ">=0.4.0"
      }
    },
    "node_modules/arg": {
      "version": "4.1.3",
      "resolved": "https://prd-cvtfs01/DEVOPS/_packaging/HQ-Commun/npm/registry/arg/-/arg-4.1.3.tgz",
      "integrity": "sha1-Jp/HrVuOQstjyJbVZmAXJhwUQIk=",
      "license": "MIT"
    },
    "node_modules/asynckit": {
      "version": "0.4.0",
      "resolved": "https://prd-cvtfs01/DEVOPS/_packaging/HQ-Commun/npm/registry/asynckit/-/asynckit-0.4.0.tgz",
      "integrity": "sha1-x57Zf380y48robyXkLzDZkdLS3k=",
      "license": "MIT"
    },
    "node_modules/axios": {
      "version": "1.5.0",
      "resolved": "https://prd-cvtfs01/DEVOPS/_packaging/HQ-Commun/npm/registry/axios/-/axios-1.5.0.tgz",
      "integrity": "sha1-8C5K+CPi5GqXaM/HRpH90FF+omc=",
      "license": "MIT",
      "dependencies": {
        "follow-redirects": "^1.15.0",
        "form-data": "^4.0.0",
        "proxy-from-env": "^1.1.0"
      }
    },
    "node_modules/balanced-match": {
      "version": "1.0.2",
      "resolved": "https://prd-cvtfs01/DEVOPS/_packaging/HQ-Commun/npm/registry/balanced-match/-/balanced-match-1.0.2.tgz",
      "integrity": "sha1-6D46fj8wCzTLnYf2FfoMvzV2kO4=",
      "dev": true,
      "license": "MIT"
    },
    "node_modules/boolean": {
      "version": "3.2.0",
      "resolved": "https://prd-cvtfs01/DEVOPS/_packaging/HQ-Commun/npm/registry/boolean/-/boolean-3.2.0.tgz",
      "integrity": "sha1-nlKUr06YMUSUy7F5efpUyhWfEWs=",
      "license": "MIT"
    },
    "node_modules/brace-expansion": {
      "version": "2.0.1",
      "resolved": "https://prd-cvtfs01/DEVOPS/_packaging/HQ-Commun/npm/registry/brace-expansion/-/brace-expansion-2.0.1.tgz",
      "integrity": "sha1-HtxFng8MVISG7Pn8mfIiE2S5oK4=",
      "dev": true,
      "license": "MIT",
      "dependencies": {
        "balanced-match": "^1.0.0"
      }
    },
    "node_modules/combined-stream": {
      "version": "1.0.8",
      "resolved": "https://prd-cvtfs01/DEVOPS/_packaging/HQ-Commun/npm/registry/combined-stream/-/combined-stream-1.0.8.tgz",
      "integrity": "sha1-w9RaizT9cwYxoRCoolIGgrMdWn8=",
      "license": "MIT",
      "dependencies": {
        "delayed-stream": "~1.0.0"
      },
      "engines": {
        "node": ">= 0.8"
      }
    },
    "node_modules/create-require": {
      "version": "1.1.1",
      "resolved": "https://prd-cvtfs01/DEVOPS/_packaging/HQ-Commun/npm/registry/create-require/-/create-require-1.1.1.tgz",
      "integrity": "sha1-wdfo8eX2z8n/ZfnNNS03NIdWwzM=",
      "license": "MIT"
    },
    "node_modules/csstype": {
      "version": "3.1.2",
      "resolved": "https://prd-cvtfs01/DEVOPS/_packaging/HQ-Commun/npm/registry/csstype/-/csstype-3.1.2.tgz",
      "integrity": "sha1-HUv51XLxHBQDHwQ24cELwfVx9Qs=",
      "license": "MIT"
    },
    "node_modules/de-indent": {
      "version": "1.0.2",
      "resolved": "https://prd-cvtfs01/DEVOPS/_packaging/HQ-Commun/npm/registry/de-indent/-/de-indent-1.0.2.tgz",
      "integrity": "sha1-sgOOhG3DO6pXlhKNCAS0VbjB4h0=",
      "dev": true,
      "license": "MIT"
    },
    "node_modules/debug": {
      "version": "4.3.4",
      "resolved": "https://prd-cvtfs01/DEVOPS/_packaging/HQ-Commun/npm/registry/debug/-/debug-4.3.4.tgz",
      "integrity": "sha1-Exn2V5NX8jONMzfSzdSRS7XcyGU=",
      "license": "MIT",
      "dependencies": {
        "ms": "2.1.2"
      },
      "engines": {
        "node": ">=6.0"
      },
      "peerDependenciesMeta": {
        "supports-color": {
          "optional": true
        }
      }
    },
    "node_modules/delayed-stream": {
      "version": "1.0.0",
      "resolved": "https://prd-cvtfs01/DEVOPS/_packaging/HQ-Commun/npm/registry/delayed-stream/-/delayed-stream-1.0.0.tgz",
      "integrity": "sha1-3zrhmayt+31ECqrgsp4icrJOxhk=",
      "license": "MIT",
      "engines": {
        "node": ">=0.4.0"
      }
    },
    "node_modules/diff": {
      "version": "4.0.2",
      "resolved": "https://prd-cvtfs01/DEVOPS/_packaging/HQ-Commun/npm/registry/diff/-/diff-4.0.2.tgz",
      "integrity": "sha1-YPOuy4nV+uUgwRqhnvwruYKq3n0=",
      "license": "BSD-3-Clause",
      "engines": {
        "node": ">=0.3.1"
      }
    },
    "node_modules/esbuild": {
      "version": "0.18.20",
      "resolved": "https://prd-cvtfs01/DEVOPS/_packaging/HQ-Commun/npm/registry/esbuild/-/esbuild-0.18.20.tgz",
      "integrity": "sha1-Rwn1o0gBtDt5mrfW2C9yhKm3p6Y=",
      "dev": true,
      "hasInstallScript": true,
      "license": "MIT",
      "bin": {
        "esbuild": "bin/esbuild"
      },
      "engines": {
        "node": ">=12"
      },
      "optionalDependencies": {
        "@esbuild/android-arm": "0.18.20",
        "@esbuild/android-arm64": "0.18.20",
        "@esbuild/android-x64": "0.18.20",
        "@esbuild/darwin-arm64": "0.18.20",
        "@esbuild/darwin-x64": "0.18.20",
        "@esbuild/freebsd-arm64": "0.18.20",
        "@esbuild/freebsd-x64": "0.18.20",
        "@esbuild/linux-arm": "0.18.20",
        "@esbuild/linux-arm64": "0.18.20",
        "@esbuild/linux-ia32": "0.18.20",
        "@esbuild/linux-loong64": "0.18.20",
        "@esbuild/linux-mips64el": "0.18.20",
        "@esbuild/linux-ppc64": "0.18.20",
        "@esbuild/linux-riscv64": "0.18.20",
        "@esbuild/linux-s390x": "0.18.20",
        "@esbuild/linux-x64": "0.18.20",
        "@esbuild/netbsd-x64": "0.18.20",
        "@esbuild/openbsd-x64": "0.18.20",
        "@esbuild/sunos-x64": "0.18.20",
        "@esbuild/win32-arm64": "0.18.20",
        "@esbuild/win32-ia32": "0.18.20",
        "@esbuild/win32-x64": "0.18.20"
      }
    },
    "node_modules/estree-walker": {
      "version": "2.0.2",
      "resolved": "https://prd-cvtfs01/DEVOPS/_packaging/HQ-Commun/npm/registry/estree-walker/-/estree-walker-2.0.2.tgz",
      "integrity": "sha1-UvAQF4wqTBF6d1fP6UKtt9LaTKw=",
      "license": "MIT"
    },
    "node_modules/fast-printf": {
      "version": "1.6.9",
      "resolved": "https://prd-cvtfs01/DEVOPS/_packaging/HQ-Commun/npm/registry/fast-printf/-/fast-printf-1.6.9.tgz",
      "integrity": "sha1-IS9WVw0tyMzdBX7pPVDdQU0H1nY=",
      "license": "BSD-3-Clause",
      "dependencies": {
        "boolean": "^3.1.4"
      },
      "engines": {
        "node": ">=10.0"
      }
    },
    "node_modules/follow-redirects": {
      "version": "1.15.3",
      "resolved": "https://prd-cvtfs01/DEVOPS/_packaging/HQ-Commun/npm/registry/follow-redirects/-/follow-redirects-1.15.3.tgz",
      "integrity": "sha1-/i8+8mkK/OfoLtC0TbCBZbIHEjo=",
      "funding": [
        {
          "type": "individual",
          "url": "https://github.com/sponsors/RubenVerborgh"
        }
      ],
      "license": "MIT",
      "engines": {
        "node": ">=4.0"
      },
      "peerDependenciesMeta": {
        "debug": {
          "optional": true
        }
      }
    },
    "node_modules/form-data": {
      "version": "4.0.0",
      "resolved": "https://prd-cvtfs01/DEVOPS/_packaging/HQ-Commun/npm/registry/form-data/-/form-data-4.0.0.tgz",
      "integrity": "sha1-k5Gdrq82HuUpWEubMWZNwSyfpFI=",
      "license": "MIT",
      "dependencies": {
        "asynckit": "^0.4.0",
        "combined-stream": "^1.0.8",
        "mime-types": "^2.1.12"
      },
      "engines": {
        "node": ">= 6"
      }
    },
    "node_modules/fsevents": {
      "version": "2.3.3",
      "resolved": "https://prd-cvtfs01/DEVOPS/_packaging/HQ-Commun/npm/registry/fsevents/-/fsevents-2.3.3.tgz",
      "integrity": "sha1-ysZAd4XQNnWipeGlMFxpezR9kNY=",
      "dev": true,
      "hasInstallScript": true,
      "license": "MIT",
      "optional": true,
      "os": [
        "darwin"
      ],
      "engines": {
        "node": "^8.16.0 || ^10.6.0 || >=11.0.0"
      }
    },
    "node_modules/he": {
      "version": "1.2.0",
      "resolved": "https://prd-cvtfs01/DEVOPS/_packaging/HQ-Commun/npm/registry/he/-/he-1.2.0.tgz",
      "integrity": "sha1-hK5l+n6vsWX922FWauFLrwVmTw8=",
      "dev": true,
      "license": "MIT",
      "bin": {
        "he": "bin/he"
      }
    },
    "node_modules/https": {
      "version": "1.0.0",
      "resolved": "https://prd-cvtfs01/DEVOPS/_packaging/HQ-Commun/npm/registry/https/-/https-1.0.0.tgz",
      "integrity": "sha1-PDfHrhqO65ZpBKKtHpdaGUt+06Q=",
      "dev": true,
      "license": "ISC"
    },
    "node_modules/i18n": {
      "version": "0.15.1",
      "resolved": "https://prd-cvtfs01/DEVOPS/_packaging/HQ-Commun/npm/registry/i18n/-/i18n-0.15.1.tgz",
      "integrity": "sha1-aPuJk8RhzEQLwkhdgvcgGfK5Leg=",
      "license": "MIT",
      "dependencies": {
        "@messageformat/core": "^3.0.0",
        "debug": "^4.3.3",
        "fast-printf": "^1.6.9",
        "make-plural": "^7.0.0",
        "math-interval-parser": "^2.0.1",
        "mustache": "^4.2.0"
      },
      "engines": {
        "node": ">=10"
      },
      "funding": {
        "url": "https://github.com/sponsors/mashpie"
      }
    },
    "node_modules/lru-cache": {
      "version": "6.0.0",
      "resolved": "https://prd-cvtfs01/DEVOPS/_packaging/HQ-Commun/npm/registry/lru-cache/-/lru-cache-6.0.0.tgz",
      "integrity": "sha1-bW/mVw69lqr5D8rR2vo7JWbbOpQ=",
      "dev": true,
      "license": "ISC",
      "dependencies": {
        "yallist": "^4.0.0"
      },
      "engines": {
        "node": ">=10"
      }
    },
    "node_modules/magic-string": {
      "version": "0.30.3",
      "resolved": "https://prd-cvtfs01/DEVOPS/_packaging/HQ-Commun/npm/registry/magic-string/-/magic-string-0.30.3.tgz",
      "integrity": "sha1-QDdV39nWs5jfpAY11S6WxawJW4U=",
      "license": "MIT",
      "dependencies": {
        "@jridgewell/sourcemap-codec": "^1.4.15"
      },
      "engines": {
        "node": ">=12"
      }
    },
    "node_modules/make-error": {
      "version": "1.3.6",
      "resolved": "https://prd-cvtfs01/DEVOPS/_packaging/HQ-Commun/npm/registry/make-error/-/make-error-1.3.6.tgz",
      "integrity": "sha1-LrLjfqm2fEiR9oShOUeZr0hM96I=",
      "license": "ISC"
    },
    "node_modules/make-plural": {
      "version": "7.3.0",
      "resolved": "https://prd-cvtfs01/DEVOPS/_packaging/HQ-Commun/npm/registry/make-plural/-/make-plural-7.3.0.tgz",
      "integrity": "sha1-KInbr8ovsJcDfEeWfT46+n5IpSw=",
      "license": "Unicode-DFS-2016"
    },
    "node_modules/math-interval-parser": {
      "version": "2.0.1",
      "resolved": "https://prd-cvtfs01/DEVOPS/_packaging/HQ-Commun/npm/registry/math-interval-parser/-/math-interval-parser-2.0.1.tgz",
      "integrity": "sha1-4izW0VoKf0wDrsVg23ZRPaYVvtQ=",
      "license": "MIT",
      "engines": {
        "node": ">=0.10.0"
      }
    },
    "node_modules/mime-db": {
      "version": "1.52.0",
      "resolved": "https://prd-cvtfs01/DEVOPS/_packaging/HQ-Commun/npm/registry/mime-db/-/mime-db-1.52.0.tgz",
      "integrity": "sha1-u6vNwChZ9JhzAchW4zh85exDv3A=",
      "license": "MIT",
      "engines": {
        "node": ">= 0.6"
      }
    },
    "node_modules/mime-types": {
      "version": "2.1.35",
      "resolved": "https://prd-cvtfs01/DEVOPS/_packaging/HQ-Commun/npm/registry/mime-types/-/mime-types-2.1.35.tgz",
      "integrity": "sha1-OBqHG2KnNEUGYK497uRIE/cNlZo=",
      "license": "MIT",
      "dependencies": {
        "mime-db": "1.52.0"
      },
      "engines": {
        "node": ">= 0.6"
      }
    },
    "node_modules/minimatch": {
      "version": "9.0.3",
      "resolved": "https://prd-cvtfs01/DEVOPS/_packaging/HQ-Commun/npm/registry/minimatch/-/minimatch-9.0.3.tgz",
      "integrity": "sha1-puAMPeRMOlQr+q5wq/wiQgptqCU=",
      "dev": true,
      "license": "ISC",
      "dependencies": {
        "brace-expansion": "^2.0.1"
      },
      "engines": {
        "node": ">=16 || 14 >=14.17"
      },
      "funding": {
        "url": "https://github.com/sponsors/isaacs"
      }
    },
    "node_modules/moo": {
      "version": "0.5.2",
      "resolved": "https://prd-cvtfs01/DEVOPS/_packaging/HQ-Commun/npm/registry/moo/-/moo-0.5.2.tgz",
      "integrity": "sha1-+f6CRzvHwYSw0y4iFdP25nJ4czw=",
      "license": "BSD-3-Clause"
    },
    "node_modules/ms": {
      "version": "2.1.2",
      "resolved": "https://prd-cvtfs01/DEVOPS/_packaging/HQ-Commun/npm/registry/ms/-/ms-2.1.2.tgz",
      "integrity": "sha1-0J0fNXtEP0kzgqjrPM0YOHKuYAk=",
      "license": "MIT"
    },
    "node_modules/muggle-string": {
      "version": "0.3.1",
      "resolved": "https://prd-cvtfs01/DEVOPS/_packaging/HQ-Commun/npm/registry/muggle-string/-/muggle-string-0.3.1.tgz",
      "integrity": "sha1-5SQxLrFyjGPdCyrEnjKC5u2Fljo=",
      "dev": true,
      "license": "MIT"
    },
    "node_modules/mustache": {
      "version": "4.2.0",
      "resolved": "https://prd-cvtfs01/DEVOPS/_packaging/HQ-Commun/npm/registry/mustache/-/mustache-4.2.0.tgz",
      "integrity": "sha1-5YkjJNYKEuycKnM1ntylKXK/b2Q=",
      "license": "MIT",
      "bin": {
        "mustache": "bin/mustache"
      }
    },
    "node_modules/nanoid": {
      "version": "3.3.6",
      "resolved": "https://prd-cvtfs01/DEVOPS/_packaging/HQ-Commun/npm/registry/nanoid/-/nanoid-3.3.6.tgz",
      "integrity": "sha1-RDOAyFbW6fmCQmfZYLQjatWD6kw=",
      "funding": [
        {
          "type": "github",
          "url": "https://github.com/sponsors/ai"
        }
      ],
      "license": "MIT",
      "bin": {
        "nanoid": "bin/nanoid.cjs"
      },
      "engines": {
        "node": "^10 || ^12 || ^13.7 || ^14 || >=15.0.1"
      }
    },
    "node_modules/picocolors": {
      "version": "1.0.0",
      "resolved": "https://prd-cvtfs01/DEVOPS/_packaging/HQ-Commun/npm/registry/picocolors/-/picocolors-1.0.0.tgz",
      "integrity": "sha1-y1vcdP8/UYkiNur3nWi8RFZKuBw=",
      "license": "ISC"
    },
    "node_modules/postcss": {
      "version": "8.4.29",
      "resolved": "https://prd-cvtfs01/DEVOPS/_packaging/HQ-Commun/npm/registry/postcss/-/postcss-8.4.29.tgz",
      "integrity": "sha1-M7wSHPOzaI1N3vUL6GmypUGFod0=",
      "funding": [
        {
          "type": "opencollective",
          "url": "https://opencollective.com/postcss/"
        },
        {
          "type": "tidelift",
          "url": "https://tidelift.com/funding/github/npm/postcss"
        },
        {
          "type": "github",
          "url": "https://github.com/sponsors/ai"
        }
      ],
      "license": "MIT",
      "dependencies": {
        "nanoid": "^3.3.6",
        "picocolors": "^1.0.0",
        "source-map-js": "^1.0.2"
      },
      "engines": {
        "node": "^10 || ^12 || >=14"
      }
    },
    "node_modules/proxy-from-env": {
      "version": "1.1.0",
      "resolved": "https://prd-cvtfs01/DEVOPS/_packaging/HQ-Commun/npm/registry/proxy-from-env/-/proxy-from-env-1.1.0.tgz",
      "integrity": "sha1-4QLxbKNVQkhldV0sno6k8k1Yw+I=",
      "license": "MIT"
    },
    "node_modules/rollup": {
      "version": "3.29.2",
      "resolved": "https://prd-cvtfs01/DEVOPS/_packaging/HQ-Commun/npm/registry/rollup/-/rollup-3.29.2.tgz",
      "integrity": "sha1-y8ds1bA7n56TvpkdI6Hf+cbVt0A=",
      "dev": true,
      "license": "MIT",
      "bin": {
        "rollup": "dist/bin/rollup"
      },
      "engines": {
        "node": ">=14.18.0",
        "npm": ">=8.0.0"
      },
      "optionalDependencies": {
        "fsevents": "~2.3.2"
      }
    },
    "node_modules/safe-identifier": {
      "version": "0.4.2",
      "resolved": "https://prd-cvtfs01/DEVOPS/_packaging/HQ-Commun/npm/registry/safe-identifier/-/safe-identifier-0.4.2.tgz",
      "integrity": "sha1-z2v8oxwol8WICS0XUNMO9QHVn8s=",
      "license": "ISC"
    },
    "node_modules/semver": {
      "version": "7.5.4",
      "resolved": "https://prd-cvtfs01/DEVOPS/_packaging/HQ-Commun/npm/registry/semver/-/semver-7.5.4.tgz",
      "integrity": "sha1-SDmG7E7TjhxsSMNIlKkYLb/2im4=",
      "dev": true,
      "license": "ISC",
      "dependencies": {
        "lru-cache": "^6.0.0"
      },
      "bin": {
        "semver": "bin/semver.js"
      },
      "engines": {
        "node": ">=10"
      }
    },
    "node_modules/source-map-js": {
      "version": "1.0.2",
      "resolved": "https://prd-cvtfs01/DEVOPS/_packaging/HQ-Commun/npm/registry/source-map-js/-/source-map-js-1.0.2.tgz",
      "integrity": "sha1-rbw2HZxi3zgBJefxYfccgm8eSQw=",
      "license": "BSD-3-Clause",
      "engines": {
        "node": ">=0.10.0"
      }
    },
    "node_modules/ts-node": {
      "version": "10.9.1",
      "resolved": "https://prd-cvtfs01/DEVOPS/_packaging/HQ-Commun/npm/registry/ts-node/-/ts-node-10.9.1.tgz",
      "integrity": "sha1-5z3pEClYr54fCxaKb/Mg4lrc/0s=",
      "license": "MIT",
      "dependencies": {
        "@cspotcode/source-map-support": "^0.8.0",
        "@tsconfig/node10": "^1.0.7",
        "@tsconfig/node12": "^1.0.7",
        "@tsconfig/node14": "^1.0.0",
        "@tsconfig/node16": "^1.0.2",
        "acorn": "^8.4.1",
        "acorn-walk": "^8.1.1",
        "arg": "^4.1.0",
        "create-require": "^1.1.0",
        "diff": "^4.0.1",
        "make-error": "^1.1.1",
        "v8-compile-cache-lib": "^3.0.1",
        "yn": "3.1.1"
      },
      "bin": {
        "ts-node": "dist/bin.js",
        "ts-node-cwd": "dist/bin-cwd.js",
        "ts-node-esm": "dist/bin-esm.js",
        "ts-node-script": "dist/bin-script.js",
        "ts-node-transpile-only": "dist/bin-transpile.js",
        "ts-script": "dist/bin-script-deprecated.js"
      },
      "peerDependencies": {
        "@swc/core": ">=1.2.50",
        "@swc/wasm": ">=1.2.50",
        "@types/node": "*",
        "typescript": ">=2.7"
      },
      "peerDependenciesMeta": {
        "@swc/core": {
          "optional": true
        },
        "@swc/wasm": {
          "optional": true
        }
      }
    },
    "node_modules/typescript": {
      "version": "5.2.2",
      "resolved": "https://prd-cvtfs01/DEVOPS/_packaging/HQ-Commun/npm/registry/typescript/-/typescript-5.2.2.tgz",
      "integrity": "sha1-XrteWlt18IXyK8P4Rg+6MIMQ+ng=",
      "license": "Apache-2.0",
      "bin": {
        "tsc": "bin/tsc",
        "tsserver": "bin/tsserver"
      },
      "engines": {
        "node": ">=14.17"
      }
    },
    "node_modules/v8-compile-cache-lib": {
      "version": "3.0.1",
      "resolved": "https://prd-cvtfs01/DEVOPS/_packaging/HQ-Commun/npm/registry/v8-compile-cache-lib/-/v8-compile-cache-lib-3.0.1.tgz",
      "integrity": "sha1-Yzbo1xllyz01obu3hoRFp8BSZL8=",
      "license": "MIT"
    },
    "node_modules/vite": {
      "version": "4.4.9",
      "resolved": "https://prd-cvtfs01/DEVOPS/_packaging/HQ-Commun/npm/registry/vite/-/vite-4.4.9.tgz",
      "integrity": "sha1-FAJCPxovjWb9jRXjURJ8cjbSnT0=",
      "dev": true,
      "license": "MIT",
      "dependencies": {
        "esbuild": "^0.18.10",
        "postcss": "^8.4.27",
        "rollup": "^3.27.1"
      },
      "bin": {
        "vite": "bin/vite.js"
      },
      "engines": {
        "node": "^14.18.0 || >=16.0.0"
      },
      "funding": {
        "url": "https://github.com/vitejs/vite?sponsor=1"
      },
      "optionalDependencies": {
        "fsevents": "~2.3.2"
      },
      "peerDependencies": {
        "@types/node": ">= 14",
        "less": "*",
        "lightningcss": "^1.21.0",
        "sass": "*",
        "stylus": "*",
        "sugarss": "*",
        "terser": "^5.4.0"
      },
      "peerDependenciesMeta": {
        "@types/node": {
          "optional": true
        },
        "less": {
          "optional": true
        },
        "lightningcss": {
          "optional": true
        },
        "sass": {
          "optional": true
        },
        "stylus": {
          "optional": true
        },
        "sugarss": {
          "optional": true
        },
        "terser": {
          "optional": true
        }
      }
    },
    "node_modules/vue": {
      "version": "3.3.4",
      "resolved": "https://prd-cvtfs01/DEVOPS/_packaging/HQ-Commun/npm/registry/vue/-/vue-3.3.4.tgz",
      "integrity": "sha1-jtlF04c2Z98dD887JGOtoCj4i9Y=",
      "license": "MIT",
      "dependencies": {
        "@vue/compiler-dom": "3.3.4",
        "@vue/compiler-sfc": "3.3.4",
        "@vue/runtime-dom": "3.3.4",
        "@vue/server-renderer": "3.3.4",
        "@vue/shared": "3.3.4"
      }
    },
    "node_modules/vue-template-compiler": {
      "version": "2.7.14",
      "resolved": "https://prd-cvtfs01/DEVOPS/_packaging/HQ-Commun/npm/registry/vue-template-compiler/-/vue-template-compiler-2.7.14.tgz",
      "integrity": "sha1-RUW337iAkHRMFXeuWsP5ZOYWNLE=",
      "dev": true,
      "license": "MIT",
      "dependencies": {
        "de-indent": "^1.0.2",
        "he": "^1.2.0"
      }
    },
    "node_modules/vue-tsc": {
      "version": "1.8.11",
      "resolved": "https://prd-cvtfs01/DEVOPS/_packaging/HQ-Commun/npm/registry/vue-tsc/-/vue-tsc-1.8.11.tgz",
      "integrity": "sha1-SpcuWKnqrnLXPmPgvtrLVjkbfLQ=",
      "dev": true,
      "license": "MIT",
      "dependencies": {
        "@vue/language-core": "1.8.11",
        "@vue/typescript": "1.8.11",
        "semver": "^7.3.8"
      },
      "bin": {
        "vue-tsc": "bin/vue-tsc.js"
      },
      "peerDependencies": {
        "typescript": "*"
      }
    },
    "node_modules/yallist": {
      "version": "4.0.0",
      "resolved": "https://prd-cvtfs01/DEVOPS/_packaging/HQ-Commun/npm/registry/yallist/-/yallist-4.0.0.tgz",
      "integrity": "sha1-m7knkNnA7/7GO+c1GeEaNQGaOnI=",
      "dev": true,
      "license": "ISC"
    },
    "node_modules/yn": {
      "version": "3.1.1",
      "resolved": "https://prd-cvtfs01/DEVOPS/_packaging/HQ-Commun/npm/registry/yn/-/yn-3.1.1.tgz",
      "integrity": "sha1-HodAGgnXZ8HV6rJqbkwYUYLS61A=",
      "license": "MIT",
      "engines": {
        "node": ">=6"
      }
    }
  }
}
